
Microsoft Visual Studio Solution File, Format Version 12.00
# Visual Studio 15
VisualStudioVersion = 15.0.28010.2036
MinimumVisualStudioVersion = 10.0.40219.1
Project("{9A19103F-16F7-4668-BE54-9A1E7A4F7556}") = "AspNetCoreWebApp", "AspNetCoreWebApp\AspNetCoreWebApp.csproj", "{FFBC0C1C-567D-435C-BA11-E8560B4C522F}"
EndProject
Project("{9A19103F-16F7-4668-BE54-9A1E7A4F7556}") = "NetCoreConsoleApp.Starter", "NetCoreConsoleApp.Starter\NetCoreConsoleApp.Starter.csproj", "{54143D3D-F9E4-4380-9D30-C63FEED9745B}"
EndProject
Project("{9A19103F-16F7-4668-BE54-9A1E7A4F7556}") = "NetCoreConsoleApp", "NetCoreConsoleApp\NetCoreConsoleApp.csproj", "{02A46318-5E35-4650-9294-7D04DDBD6F84}"
EndProject
Project("{9A19103F-16F7-4668-BE54-9A1E7A4F7556}") = "DemoLifetime", "DemoLifetime\DemoLifetime.csproj", "{A7748EC0-37F5-48B3-9F77-F6080099660A}"
EndProject
Project("{FAE04EC0-301F-11D3-BF4B-00C04F79EFBC}") = "RegisterWithConvention", "RegisterWithConvention\RegisterWithConvention.csproj", "{CC16401F-1632-4C1C-8F17-C12DAE460689}"
EndProject
Global
	GlobalSection(SolutionConfigurationPlatforms) = preSolution
		Debug|Any CPU = Debug|Any CPU
		Release|Any CPU = Release|Any CPU
	EndGlobalSection
	GlobalSection(ProjectConfigurationPlatforms) = postSolution
		{FFBC0C1C-567D-435C-BA11-E8560B4C522F}.Debug|Any CPU.ActiveCfg = Debug|Any CPU
		{FFBC0C1C-567D-435C-BA11-E8560B4C522F}.Debug|Any CPU.Build.0 = Debug|Any CPU
		{FFBC0C1C-567D-435C-BA11-E8560B4C522F}.Release|Any CPU.ActiveCfg = Release|Any CPU
		{FFBC0C1C-567D-435C-BA11-E8560B4C522F}.Release|Any CPU.Build.0 = Release|Any CPU
		{54143D3D-F9E4-4380-9D30-C63FEED9745B}.Debug|Any CPU.ActiveCfg = Debug|Any CPU
		{54143D3D-F9E4-4380-9D30-C63FEED9745B}.Debug|Any CPU.Build.0 = Debug|Any CPU
		{54143D3D-F9E4-4380-9D30-C63FEED9745B}.Release|Any CPU.ActiveCfg = Release|Any CPU
		{54143D3D-F9E4-4380-9D30-C63FEED9745B}.Release|Any CPU.Build.0 = Release|Any CPU
		{02A46318-5E35-4650-9294-7D04DDBD6F84}.Debug|Any CPU.ActiveCfg = Debug|Any CPU
		{02A46318-5E35-4650-9294-7D04DDBD6F84}.Debug|Any CPU.Build.0 = Debug|Any CPU
		{02A46318-5E35-4650-9294-7D04DDBD6F84}.Release|Any CPU.ActiveCfg = Release|Any CPU
		{02A46318-5E35-4650-9294-7D04DDBD6F84}.Release|Any CPU.Build.0 = Release|Any CPU
		{A7748EC0-37F5-48B3-9F77-F6080099660A}.Debug|Any CPU.ActiveCfg = Debug|Any CPU
		{A7748EC0-37F5-48B3-9F77-F6080099660A}.Debug|Any CPU.Build.0 = Debug|Any CPU
		{A7748EC0-37F5-48B3-9F77-F6080099660A}.Release|Any CPU.ActiveCfg = Release|Any CPU
		{A7748EC0-37F5-48B3-9F77-F6080099660A}.Release|Any CPU.Build.0 = Release|Any CPU
		{CC16401F-1632-4C1C-8F17-C12DAE460689}.Debug|Any CPU.ActiveCfg = Debug|Any CPU
		{CC16401F-1632-4C1C-8F17-C12DAE460689}.Debug|Any CPU.Build.0 = Debug|Any CPU
		{CC16401F-1632-4C1C-8F17-C12DAE460689}.Release|Any CPU.ActiveCfg = Release|Any CPU
		{CC16401F-1632-4C1C-8F17-C12DAE460689}.Release|Any CPU.Build.0 = Release|Any CPU
	EndGlobalSection
	GlobalSection(SolutionProperties) = preSolution
		HideSolutionNode = FALSE
	EndGlobalSection
	GlobalSection(ExtensibilityGlobals) = postSolution
		SolutionGuid = {AAD999E4-D697-4833-8089-EA6844A0BC1E}
	EndGlobalSection
EndGlobal
